<?xml version="1.0" encoding="utf-8"?>
<Project ToolsVersion="4.0" xmlns="http://schemas.microsoft.com/developer/msbuild/2003">
  <ItemGroup>
    <Filter Include="src">
      <UniqueIdentifier>{f393275f-0485-4b1a-b524-050ca375ec06}</UniqueIdentifier>
    </Filter>
  </ItemGroup>
  <ItemGroup>
    <ClCompile Include="..\src\StdInjector.cpp">
      <Filter>src</Filter>
    </ClCompile>
    <ClCompile Include="..\src\precompiled.cpp">
      <Filter>src</Filter>
    </ClCompile>
  </ItemGroup>
  <ItemGroup>
    <ClInclude Include="..\src\precompiled.h">
      <Filter>src</Filter>
    </ClInclude>
  </ItemGroup>
</Project>