<?xml version="1.0" encoding="utf-8"?>
<Project ToolsVersion="4.0" xmlns="http://schemas.microsoft.com/developer/msbuild/2003">
  <ItemGroup>
    <Filter Include="src">
      <UniqueIdentifier>{a6c88087-a9dd-4a50-acb0-70f7f5d60251}</UniqueIdentifier>
    </Filter>
    <Filter Include="src\main">
      <UniqueIdentifier>{6772934b-6f5c-40cc-a41b-61dea0ca2255}</UniqueIdentifier>
    </Filter>
    <Filter Include="src\common">
      <UniqueIdentifier>{0b0e0165-7dde-48fd-bfc8-c95b70cd5aa1}</UniqueIdentifier>
    </Filter>
    <Filter Include="src\public">
      <UniqueIdentifier>{ff5f62d4-6e0e-42f7-8206-8404a6718323}</UniqueIdentifier>
    </Filter>
  </ItemGroup>
  <ItemGroup>
    <ClCompile Include="..\src\StdPatch.cpp">
      <Filter>src</Filter>
    </ClCompile>
    <ClCompile Include="..\src\main\Global.cpp">
      <Filter>src\main</Filter>
    </ClCompile>
    <ClCompile Include="..\src\main\Detour.cpp">
      <Filter>src\main</Filter>
    </ClCompile>
    <ClCompile Include="..\src\Common\Console.cpp">
      <Filter>src\common</Filter>
    </ClCompile>
    <ClCompile Include="..\src\Common\File.cpp">
      <Filter>src\common</Filter>
    </ClCompile>
    <ClCompile Include="..\src\Common\String.cpp">
      <Filter>src\common</Filter>
    </ClCompile>
    <ClCompile Include="..\src\public\opcode_len_calc.cpp">
      <Filter>src\public</Filter>
    </ClCompile>
    <ClCompile Include="..\src\common\MemSearch.cpp">
      <Filter>src\common</Filter>
    </ClCompile>
    <ClCompile Include="..\src\common\MemTools.cpp">
      <Filter>src\common</Filter>
    </ClCompile>
    <ClCompile Include="..\src\main\Mods.cpp">
      <Filter>src\main</Filter>
    </ClCompile>
  </ItemGroup>
  <ItemGroup>
    <ClInclude Include="..\src\main\Global.h">
      <Filter>src\main</Filter>
    </ClInclude>
    <ClInclude Include="..\src\main\SDK.h">
      <Filter>src\main</Filter>
    </ClInclude>
    <ClInclude Include="..\src\main\Detour.h">
      <Filter>src\main</Filter>
    </ClInclude>
    <ClInclude Include="..\src\Common\Console.h">
      <Filter>src\common</Filter>
    </ClInclude>
    <ClInclude Include="..\src\Common\File.h">
      <Filter>src\common</Filter>
    </ClInclude>
    <ClInclude Include="..\src\Common\String.h">
      <Filter>src\common</Filter>
    </ClInclude>
    <ClInclude Include="..\src\Common\ArrayHelper.h">
      <Filter>src\common</Filter>
    </ClInclude>
    <ClInclude Include="..\src\public\opcode_len_calc.h">
      <Filter>src\public</Filter>
    </ClInclude>
    <ClInclude Include="..\src\common\MemSearch.h">
      <Filter>src\common</Filter>
    </ClInclude>
    <ClInclude Include="..\src\common\MemTools.h">
      <Filter>src\common</Filter>
    </ClInclude>
    <ClInclude Include="..\src\main\Mods.h">
      <Filter>src\main</Filter>
    </ClInclude>
  </ItemGroup>
</Project>